
Microsoft Visual Studio Solution File, Format Version 12.00
# Visual Studio 15
VisualStudioVersion = 15.0.28307.421
MinimumVisualStudioVersion = 10.0.40219.1
Project("{FAE04EC0-301F-11D3-BF4B-00C04F79EFBC}") = "Пробна", "Пробна\Пробна.csproj", "{0BFBBCFF-3EE4-4489-B13D-264F554368F3}"
EndProject
Global
	GlobalSection(SolutionConfigurationPlatforms) = preSolution
		Debug|Any CPU = Debug|Any CPU
		Release|Any CPU = Release|Any CPU
	EndGlobalSection
	GlobalSection(ProjectConfigurationPlatforms) = postSolution
		{0BFBBCFF-3EE4-4489-B13D-264F554368F3}.Debug|Any CPU.ActiveCfg = Debug|Any CPU
		{0BFBBCFF-3EE4-4489-B13D-264F554368F3}.Debug|Any CPU.Build.0 = Debug|Any CPU
		{0BFBBCFF-3EE4-4489-B13D-264F554368F3}.Release|Any CPU.ActiveCfg = Release|Any CPU
		{0BFBBCFF-3EE4-4489-B13D-264F554368F3}.Release|Any CPU.Build.0 = Release|Any CPU
	EndGlobalSection
	GlobalSection(SolutionProperties) = preSolution
		HideSolutionNode = FALSE
	EndGlobalSection
	GlobalSection(ExtensibilityGlobals) = postSolution
		SolutionGuid = {65A2BB75-CF14-44CF-B967-3AB106552969}
	EndGlobalSection
EndGlobal
